
Microsoft Visual Studio Solution File, Format Version 12.00
# Visual Studio Version 16
VisualStudioVersion = 16.0.31605.320
MinimumVisualStudioVersion = 10.0.40219.1
Project("{9A19103F-16F7-4668-BE54-9A1E7A4F7556}") = "TallerReloj.Common", "TallerReloj.Common\TallerReloj.Common.csproj", "{CAC20D81-8985-4C6C-A494-D294DDEF71C9}"
EndProject
Project("{9A19103F-16F7-4668-BE54-9A1E7A4F7556}") = "TallerReloj.Function", "TallerReloj.Function\TallerReloj.Function.csproj", "{D2756ABB-8035-4E6F-B1E1-DB09AE57BD03}"
EndProject
Project("{9A19103F-16F7-4668-BE54-9A1E7A4F7556}") = "TallerReloj.Test", "TallerReloj.Test\TallerReloj.Test.csproj", "{897F24D3-56EE-4C63-9001-14C571D6D7DD}"
EndProject
Global
	GlobalSection(SolutionConfigurationPlatforms) = preSolution
		Debug|Any CPU = Debug|Any CPU
		Release|Any CPU = Release|Any CPU
	EndGlobalSection
	GlobalSection(ProjectConfigurationPlatforms) = postSolution
		{CAC20D81-8985-4C6C-A494-D294DDEF71C9}.Debug|Any CPU.ActiveCfg = Debug|Any CPU
		{CAC20D81-8985-4C6C-A494-D294DDEF71C9}.Debug|Any CPU.Build.0 = Debug|Any CPU
		{CAC20D81-8985-4C6C-A494-D294DDEF71C9}.Release|Any CPU.ActiveCfg = Release|Any CPU
		{CAC20D81-8985-4C6C-A494-D294DDEF71C9}.Release|Any CPU.Build.0 = Release|Any CPU
		{D2756ABB-8035-4E6F-B1E1-DB09AE57BD03}.Debug|Any CPU.ActiveCfg = Debug|Any CPU
		{D2756ABB-8035-4E6F-B1E1-DB09AE57BD03}.Debug|Any CPU.Build.0 = Debug|Any CPU
		{D2756ABB-8035-4E6F-B1E1-DB09AE57BD03}.Release|Any CPU.ActiveCfg = Release|Any CPU
		{D2756ABB-8035-4E6F-B1E1-DB09AE57BD03}.Release|Any CPU.Build.0 = Release|Any CPU
		{897F24D3-56EE-4C63-9001-14C571D6D7DD}.Debug|Any CPU.ActiveCfg = Debug|Any CPU
		{897F24D3-56EE-4C63-9001-14C571D6D7DD}.Debug|Any CPU.Build.0 = Debug|Any CPU
		{897F24D3-56EE-4C63-9001-14C571D6D7DD}.Release|Any CPU.ActiveCfg = Release|Any CPU
		{897F24D3-56EE-4C63-9001-14C571D6D7DD}.Release|Any CPU.Build.0 = Release|Any CPU
	EndGlobalSection
	GlobalSection(SolutionProperties) = preSolution
		HideSolutionNode = FALSE
	EndGlobalSection
	GlobalSection(ExtensibilityGlobals) = postSolution
		SolutionGuid = {030A4A34-6F36-4679-A128-DE449454663D}
	EndGlobalSection
EndGlobal
